{
  "version": 4,
  "terraform_version": "1.8.3",
  "serial": 18,
  "lineage": "0a6135f6-dc8f-a71d-ae67-da909ef866f9",
  "outputs": {
    "instance_ip": {
      "value": "51.15.201.110",
      "type": "string"
    }
  },
  "resources": [
    {
      "mode": "managed",
      "type": "local_file",
      "name": "ansible_inventory",
      "provider": "provider[\"registry.terraform.io/hashicorp/local\"]",
      "instances": [
        {
          "schema_version": 0,
          "attributes": {
            "content": "[app]\n51.15.201.110 ansible_user=root ansible_ssh_private_key_file=/Users/youssoupphasow/.ssh/id_rsa\n",
            "content_base64": null,
            "content_base64sha256": "GVXVyLsN955nauL171tHNsA5ER1PJll+VR0zU5//h4U=",
            "content_base64sha512": "YxCa/wm8q1BuVNK0kKiobablNIy2tGqhWEd3gMnmK7rUzem1+tj5k/elhepStshC3yDvztTQUFtup2wpak1aKg==",
            "content_md5": "9f4684f8f53350970f04f048f6fe1346",
            "content_sha1": "122938e124b9673d62ed343f6a8c2135bf5ab3df",
            "content_sha256": "1955d5c8bb0df79e676ae2f5ef5b4736c039111d4f26597e551d33539fff8785",
            "content_sha512": "63109aff09bcab506e54d2b490a8a86da6e5348cb6b46aa158477780c9e62bbad4cde9b5fad8f993f7a585ea52b6c842df20efced4d0505b6ea76c296a4d5a2a",
            "directory_permission": "0777",
            "file_permission": "0777",
            "filename": "./../ansible/inventory.ini",
            "id": "122938e124b9673d62ed343f6a8c2135bf5ab3df",
            "sensitive_content": null,
            "source": null
          },
          "sensitive_attributes": [
            [
              {
                "type": "get_attr",
                "value": "sensitive_content"
              }
            ]
          ],
          "dependencies": [
            "scaleway_instance_ip.public_ip",
            "scaleway_instance_server.app"
          ]
        }
      ]
    },
    {
      "mode": "managed",
      "type": "scaleway_instance_ip",
      "name": "public_ip",
      "provider": "provider[\"registry.terraform.io/scaleway/scaleway\"]",
      "instances": [
        {
          "schema_version": 0,
          "attributes": {
            "address": "51.15.201.110",
            "id": "fr-par-1/d68149cd-c928-4aa0-ae3d-0db5276be96d",
            "organization_id": "e97e853d-3cce-4ebf-acda-ec5d6abc8fa8",
            "prefix": "51.15.201.110/32",
            "project_id": "e26f5a0d-e7eb-4f9c-891e-0d3a2b455758",
            "reverse": "",
            "server_id": "fr-par-1/4f14299f-5f25-4a24-a132-294a2d143b59",
            "tags": null,
            "timeouts": null,
            "type": "routed_ipv4",
            "zone": "fr-par-1"
          },
          "sensitive_attributes": [],
          "private": "eyJlMmJmYjczMC1lY2FhLTExZTYtOGY4OC0zNDM2M2JjN2M0YzAiOnsiY3JlYXRlIjo2MDAwMDAwMDAwMCwiZGVmYXVsdCI6NjAwMDAwMDAwMDAsImRlbGV0ZSI6NjAwMDAwMDAwMDAsInJlYWQiOjYwMDAwMDAwMDAwLCJ1cGRhdGUiOjYwMDAwMDAwMDAwfX0="
        }
      ]
    },
    {
      "mode": "managed",
      "type": "scaleway_instance_server",
      "name": "app",
      "provider": "provider[\"registry.terraform.io/scaleway/scaleway\"]",
      "instances": [
        {
          "schema_version": 0,
          "attributes": {
            "additional_volume_ids": [],
            "boot_type": "local",
            "bootscript_id": null,
            "cloud_init": null,
            "enable_dynamic_ip": false,
            "enable_ipv6": false,
            "id": "fr-par-1/4f14299f-5f25-4a24-a132-294a2d143b59",
            "image": "ubuntu_jammy",
            "ip_id": "fr-par-1/d68149cd-c928-4aa0-ae3d-0db5276be96d",
            "ip_ids": [],
            "ipv6_address": "",
            "ipv6_gateway": "",
            "ipv6_prefix_length": 0,
            "name": "app-instance",
            "organization_id": "e97e853d-3cce-4ebf-acda-ec5d6abc8fa8",
            "placement_group_id": null,
            "placement_group_policy_respected": null,
            "private_ip": null,
            "private_ips": [],
            "private_network": [],
            "project_id": "e26f5a0d-e7eb-4f9c-891e-0d3a2b455758",
            "protected": false,
            "public_ip": "51.15.201.110",
            "public_ips": [
              {
                "address": "51.15.201.110",
                "id": "fr-par-1/d68149cd-c928-4aa0-ae3d-0db5276be96d"
              }
            ],
            "replace_on_type_change": false,
            "root_volume": [
              {
                "boot": false,
                "delete_on_termination": true,
                "name": "",
                "sbs_iops": 5000,
                "size_in_gb": 20,
                "volume_id": "fr-par-1/31f0c78a-7c83-411e-b848-7883f43303ea",
                "volume_type": "sbs_volume"
              }
            ],
            "security_group_id": "fr-par-1/4624bc08-bd08-409b-82f6-1f999c5cb5bf",
            "state": "started",
            "tags": [
              "demo"
            ],
            "timeouts": null,
            "type": "DEV1-S",
            "user_data": {
              "ssh-host-fingerprints": "3072 SHA256:kTCH8dH7c0ZMD0T5Ea/RKXR14yiggTZIWnCDs7EPU9g root@app-instance (RSA)\n256 SHA256:JE/EeZmjOU008SOdv14XWhDyAuyOcQrk3ltjsqupvrg root@app-instance (ECDSA)\n256 SHA256:EZACHLzbvTHB3wJSHH6ZbAV6JMApkzQ4azH6BcKctJM root@app-instance (ED25519)"
            },
            "zone": "fr-par-1"
          },
          "sensitive_attributes": [],
          "private": "eyJlMmJmYjczMC1lY2FhLTExZTYtOGY4OC0zNDM2M2JjN2M0YzAiOnsiY3JlYXRlIjo2MDAwMDAwMDAwMDAsImRlZmF1bHQiOjYwMDAwMDAwMDAwMCwiZGVsZXRlIjo2MDAwMDAwMDAwMDAsInJlYWQiOjYwMDAwMDAwMDAwMCwidXBkYXRlIjo2MDAwMDAwMDAwMDB9fQ==",
          "dependencies": [
            "scaleway_instance_ip.public_ip"
          ]
        }
      ]
    }
  ],
  "check_results": null
}
