{
  "version": 4,
  "terraform_version": "1.8.3",
  "serial": 64,
  "lineage": "0a6135f6-dc8f-a71d-ae67-da909ef866f9",
  "outputs": {
    "instance_ip": {
      "value": "51.15.201.110",
      "type": "string"
    },
    "lb_ip": {
      "value": "172.16.4.3",
      "type": "string"
    },
    "registry_endpoint": {
      "value": "rg.fr-par.scw.cloud/app-registry",
      "type": "string"
    }
  },
  "resources": [
    {
      "mode": "managed",
      "type": "local_file",
      "name": "ansible_inventory",
      "provider": "provider[\"registry.terraform.io/hashicorp/local\"]",
      "instances": [
        {
          "schema_version": 0,
          "attributes": {
            "content": "[app]\n51.15.201.110 ansible_user=root ansible_ssh_private_key_file=/Users/youssoupphasow/.ssh/id_rsa\n",
            "content_base64": null,
            "content_base64sha256": "GVXVyLsN955nauL171tHNsA5ER1PJll+VR0zU5//h4U=",
            "content_base64sha512": "YxCa/wm8q1BuVNK0kKiobablNIy2tGqhWEd3gMnmK7rUzem1+tj5k/elhepStshC3yDvztTQUFtup2wpak1aKg==",
            "content_md5": "9f4684f8f53350970f04f048f6fe1346",
            "content_sha1": "122938e124b9673d62ed343f6a8c2135bf5ab3df",
            "content_sha256": "1955d5c8bb0df79e676ae2f5ef5b4736c039111d4f26597e551d33539fff8785",
            "content_sha512": "63109aff09bcab506e54d2b490a8a86da6e5348cb6b46aa158477780c9e62bbad4cde9b5fad8f993f7a585ea52b6c842df20efced4d0505b6ea76c296a4d5a2a",
            "directory_permission": "0777",
            "file_permission": "0777",
            "filename": "./../ansible/inventory.ini",
            "id": "122938e124b9673d62ed343f6a8c2135bf5ab3df",
            "sensitive_content": null,
            "source": null
          },
          "sensitive_attributes": [
            [
              {
                "type": "get_attr",
                "value": "sensitive_content"
              }
            ]
          ],
          "dependencies": [
            "scaleway_instance_ip.public_ip",
            "scaleway_instance_server.app",
            "scaleway_vpc.this",
            "scaleway_vpc_private_network.this"
          ]
        }
      ]
    },
    {
      "mode": "managed",
      "type": "scaleway_instance_ip",
      "name": "public_ip",
      "provider": "provider[\"registry.terraform.io/scaleway/scaleway\"]",
      "instances": [
        {
          "schema_version": 0,
          "attributes": {
            "address": "51.15.201.110",
            "id": "fr-par-1/d68149cd-c928-4aa0-ae3d-0db5276be96d",
            "organization_id": "e97e853d-3cce-4ebf-acda-ec5d6abc8fa8",
            "prefix": "51.15.201.110/32",
            "project_id": "e26f5a0d-e7eb-4f9c-891e-0d3a2b455758",
            "reverse": "",
            "server_id": "",
            "tags": null,
            "timeouts": null,
            "type": "routed_ipv4",
            "zone": "fr-par-1"
          },
          "sensitive_attributes": [],
          "private": "eyJlMmJmYjczMC1lY2FhLTExZTYtOGY4OC0zNDM2M2JjN2M0YzAiOnsiY3JlYXRlIjo2MDAwMDAwMDAwMCwiZGVmYXVsdCI6NjAwMDAwMDAwMDAsImRlbGV0ZSI6NjAwMDAwMDAwMDAsInJlYWQiOjYwMDAwMDAwMDAwLCJ1cGRhdGUiOjYwMDAwMDAwMDAwfX0="
        }
      ]
    },
    {
      "mode": "managed",
      "type": "scaleway_instance_server",
      "name": "app",
      "provider": "provider[\"registry.terraform.io/scaleway/scaleway\"]",
      "instances": [
        {
          "schema_version": 0,
          "attributes": {
            "additional_volume_ids": null,
            "boot_type": "local",
            "bootscript_id": null,
            "cloud_init": null,
            "enable_dynamic_ip": false,
            "enable_ipv6": false,
            "id": "fr-par-1/35d73864-d30d-44ec-ad20-650befa93d99",
            "image": "ubuntu_jammy",
            "ip_id": "fr-par-1/d68149cd-c928-4aa0-ae3d-0db5276be96d",
            "ip_ids": null,
            "ipv6_address": "",
            "ipv6_gateway": "",
            "ipv6_prefix_length": 0,
            "name": "app-instance",
            "organization_id": "e97e853d-3cce-4ebf-acda-ec5d6abc8fa8",
            "placement_group_id": null,
            "placement_group_policy_respected": null,
            "private_ip": null,
            "private_ips": [
              {
                "address": "fdf3:a6e5:9f02:ba14:904c:e3f1:1e03:a9e0",
                "id": "fr-par/ea10ffe0-134e-4bf1-8f59-cdd5da0e82a3"
              },
              {
                "address": "172.16.4.2",
                "id": "fr-par/7c590924-b83b-4eef-9d94-a664098af15c"
              }
            ],
            "private_network": [
              {
                "mac_address": "02:00:00:1c:c1:94",
                "pn_id": "fr-par/b0f35020-8b16-421b-bbe2-b4d00b6e75fa",
                "pnic_id": "a9224afc-4b8b-41a1-be01-08716995c406",
                "status": "available",
                "zone": "fr-par"
              }
            ],
            "project_id": "e26f5a0d-e7eb-4f9c-891e-0d3a2b455758",
            "protected": false,
            "public_ip": "51.15.201.110",
            "public_ips": [
              {
                "address": "51.15.201.110",
                "id": "fr-par-1/d68149cd-c928-4aa0-ae3d-0db5276be96d"
              }
            ],
            "replace_on_type_change": false,
            "root_volume": [
              {
                "boot": false,
                "delete_on_termination": true,
                "name": "",
                "sbs_iops": 5000,
                "size_in_gb": 20,
                "volume_id": "fr-par-1/21a6a807-f5ac-4214-8bd8-8a92442935df",
                "volume_type": "sbs_volume"
              }
            ],
            "security_group_id": "fr-par-1/4624bc08-bd08-409b-82f6-1f999c5cb5bf",
            "state": "started",
            "tags": [
              "demo"
            ],
            "timeouts": null,
            "type": "DEV1-S",
            "user_data": {
              "ssh-host-fingerprints": "3072 SHA256:vTeZlUoL+qOQNilkElc7Zf7iPxcpjIT0BM4PqNNJ2Ps root@app-instance (RSA)\n256 SHA256:2FY/oJJUNpSPOooB+Wt/dIracg9WQzFM4+JHPIOHGGg root@app-instance (ECDSA)\n256 SHA256:xS44faBPSDEfdqdSq1NDNiTL6FPX0uNWwCAeHjGuR+s root@app-instance (ED25519)"
            },
            "zone": "fr-par-1"
          },
          "sensitive_attributes": [],
          "private": "eyJlMmJmYjczMC1lY2FhLTExZTYtOGY4OC0zNDM2M2JjN2M0YzAiOnsiY3JlYXRlIjo2MDAwMDAwMDAwMDAsImRlZmF1bHQiOjYwMDAwMDAwMDAwMCwiZGVsZXRlIjo2MDAwMDAwMDAwMDAsInJlYWQiOjYwMDAwMDAwMDAwMCwidXBkYXRlIjo2MDAwMDAwMDAwMDB9fQ==",
          "dependencies": [
            "scaleway_instance_ip.public_ip",
            "scaleway_vpc.this",
            "scaleway_vpc_private_network.this"
          ]
        }
      ]
    },
    {
      "mode": "managed",
      "type": "scaleway_lb",
      "name": "app",
      "provider": "provider[\"registry.terraform.io/scaleway/scaleway\"]",
      "instances": [
        {
          "schema_version": 1,
          "attributes": {
            "assign_flexible_ip": null,
            "assign_flexible_ipv6": null,
            "description": "",
            "id": "fr-par-1/03b522cc-50d4-46e1-aeed-af739db134bd",
            "ip_address": "51.158.58.176",
            "ip_id": "fr-par-1/107e9349-7962-4eed-b1c2-b75ad2d5b57b",
            "ip_ids": [
              "fr-par-1/107e9349-7962-4eed-b1c2-b75ad2d5b57b"
            ],
            "ipv6_address": "",
            "name": "app",
            "organization_id": "e97e853d-3cce-4ebf-acda-ec5d6abc8fa8",
            "private_ips": [
              {
                "address": "172.16.4.3",
                "id": "fr-par/3910f16f-89a9-449c-aa9a-aa7425b2c34f"
              }
            ],
            "private_network": [
              {
                "dhcp_config": true,
                "ipam_ids": [
                  "fr-par/3910f16f-89a9-449c-aa9a-aa7425b2c34f"
                ],
                "private_network_id": "fr-par/b0f35020-8b16-421b-bbe2-b4d00b6e75fa",
                "static_config": [],
                "status": "ready",
                "zone": "fr-par-1"
              }
            ],
            "project_id": "e26f5a0d-e7eb-4f9c-891e-0d3a2b455758",
            "region": "fr-par",
            "release_ip": false,
            "ssl_compatibility_level": "ssl_compatibility_level_intermediate",
            "tags": null,
            "timeouts": null,
            "type": "LB-S",
            "zone": "fr-par-1"
          },
          "sensitive_attributes": [],
          "private": "eyJlMmJmYjczMC1lY2FhLTExZTYtOGY4OC0zNDM2M2JjN2M0YzAiOnsiY3JlYXRlIjo5MDAwMDAwMDAwMDAsImRlZmF1bHQiOjkwMDAwMDAwMDAwMCwiZGVsZXRlIjo5MDAwMDAwMDAwMDAsInJlYWQiOjkwMDAwMDAwMDAwMCwidXBkYXRlIjo5MDAwMDAwMDAwMDB9LCJzY2hlbWFfdmVyc2lvbiI6IjEifQ==",
          "dependencies": [
            "scaleway_lb_ip.v4",
            "scaleway_vpc.this",
            "scaleway_vpc_private_network.this"
          ]
        }
      ]
    },
    {
      "mode": "managed",
      "type": "scaleway_lb_backend",
      "name": "backend01",
      "provider": "provider[\"registry.terraform.io/scaleway/scaleway\"]",
      "instances": [
        {
          "schema_version": 1,
          "attributes": {
            "failover_host": "",
            "forward_port": 80,
            "forward_port_algorithm": "roundrobin",
            "forward_protocol": "http",
            "health_check_delay": "1m0s",
            "health_check_http": [],
            "health_check_https": [],
            "health_check_max_retries": 2,
            "health_check_port": 80,
            "health_check_send_proxy": false,
            "health_check_tcp": [
              {}
            ],
            "health_check_timeout": "30s",
            "health_check_transient_delay": "500ms",
            "id": "fr-par-1/3448f3b5-b59a-4834-843a-1f9927985c77",
            "ignore_ssl_server_verify": false,
            "lb_id": "fr-par-1/03b522cc-50d4-46e1-aeed-af739db134bd",
            "max_connections": 0,
            "max_retries": 3,
            "name": "backend01",
            "on_marked_down_action": "none",
            "proxy_protocol": "none",
            "redispatch_attempt_count": 0,
            "send_proxy_v2": false,
            "server_ips": [
              "51.15.201.110"
            ],
            "ssl_bridging": false,
            "sticky_sessions": "none",
            "sticky_sessions_cookie_name": "",
            "timeout_connect": "5s",
            "timeout_queue": "0s",
            "timeout_server": "5m0s",
            "timeout_tunnel": "15m0s",
            "timeouts": null
          },
          "sensitive_attributes": [],
          "private": "eyJlMmJmYjczMC1lY2FhLTExZTYtOGY4OC0zNDM2M2JjN2M0YzAiOnsiY3JlYXRlIjo5MDAwMDAwMDAwMDAsImRlZmF1bHQiOjkwMDAwMDAwMDAwMCwiZGVsZXRlIjo5MDAwMDAwMDAwMDAsInJlYWQiOjkwMDAwMDAwMDAwMCwidXBkYXRlIjo5MDAwMDAwMDAwMDB9LCJzY2hlbWFfdmVyc2lvbiI6IjEifQ==",
          "dependencies": [
            "scaleway_instance_ip.public_ip",
            "scaleway_lb.app",
            "scaleway_lb_ip.v4",
            "scaleway_vpc.this",
            "scaleway_vpc_private_network.this"
          ]
        }
      ]
    },
    {
      "mode": "managed",
      "type": "scaleway_lb_frontend",
      "name": "frontend01",
      "provider": "provider[\"registry.terraform.io/scaleway/scaleway\"]",
      "instances": [
        {
          "schema_version": 1,
          "attributes": {
            "acl": [],
            "backend_id": "fr-par-1/3448f3b5-b59a-4834-843a-1f9927985c77",
            "certificate_id": "",
            "certificate_ids": null,
            "connection_rate_limit": 0,
            "enable_http3": false,
            "external_acls": false,
            "id": "fr-par-1/99ed7294-c23e-43bb-b2f0-277b0a6b21b2",
            "inbound_port": 80,
            "lb_id": "fr-par-1/03b522cc-50d4-46e1-aeed-af739db134bd",
            "name": "frontend01",
            "timeout_client": "",
            "timeouts": null
          },
          "sensitive_attributes": [],
          "private": "eyJlMmJmYjczMC1lY2FhLTExZTYtOGY4OC0zNDM2M2JjN2M0YzAiOnsiY3JlYXRlIjo5MDAwMDAwMDAwMDAsImRlZmF1bHQiOjkwMDAwMDAwMDAwMCwiZGVsZXRlIjo5MDAwMDAwMDAwMDAsInJlYWQiOjkwMDAwMDAwMDAwMCwidXBkYXRlIjo5MDAwMDAwMDAwMDB9LCJzY2hlbWFfdmVyc2lvbiI6IjEifQ==",
          "dependencies": [
            "scaleway_instance_ip.public_ip",
            "scaleway_lb.app",
            "scaleway_lb_backend.backend01",
            "scaleway_lb_ip.v4",
            "scaleway_vpc.this",
            "scaleway_vpc_private_network.this"
          ]
        }
      ]
    },
    {
      "mode": "managed",
      "type": "scaleway_lb_ip",
      "name": "v4",
      "provider": "provider[\"registry.terraform.io/scaleway/scaleway\"]",
      "instances": [
        {
          "schema_version": 1,
          "attributes": {
            "id": "fr-par-1/107e9349-7962-4eed-b1c2-b75ad2d5b57b",
            "ip_address": "51.158.58.176",
            "is_ipv6": false,
            "lb_id": "",
            "organization_id": "e97e853d-3cce-4ebf-acda-ec5d6abc8fa8",
            "project_id": "e26f5a0d-e7eb-4f9c-891e-0d3a2b455758",
            "region": "fr-par",
            "reverse": "51-158-58-176.lb.fr-par.scw.cloud",
            "tags": null,
            "timeouts": null,
            "zone": "fr-par-1"
          },
          "sensitive_attributes": [],
          "private": "eyJlMmJmYjczMC1lY2FhLTExZTYtOGY4OC0zNDM2M2JjN2M0YzAiOnsiY3JlYXRlIjo5MDAwMDAwMDAwMDAsImRlZmF1bHQiOjkwMDAwMDAwMDAwMCwiZGVsZXRlIjo5MDAwMDAwMDAwMDAsInJlYWQiOjkwMDAwMDAwMDAwMCwidXBkYXRlIjo5MDAwMDAwMDAwMDB9LCJzY2hlbWFfdmVyc2lvbiI6IjEifQ=="
        }
      ]
    },
    {
      "mode": "managed",
      "type": "scaleway_lb_ip",
      "name": "v6",
      "provider": "provider[\"registry.terraform.io/scaleway/scaleway\"]",
      "instances": [
        {
          "schema_version": 1,
          "attributes": {
            "id": "fr-par-1/07730319-7dae-4ea4-84fa-e1717d1ea762",
            "ip_address": "2001:bc8:710:15ee::",
            "is_ipv6": true,
            "lb_id": "",
            "organization_id": "e97e853d-3cce-4ebf-acda-ec5d6abc8fa8",
            "project_id": "e26f5a0d-e7eb-4f9c-891e-0d3a2b455758",
            "region": "fr-par",
            "reverse": "0.0.0.0.0.0.0.0.0.0.0.0.0.0.0.0.e.e.5.1.0.1.7.0.8.c.b.0.1.0.0.2.lb.fr-par.scw.cloud",
            "tags": null,
            "timeouts": null,
            "zone": "fr-par-1"
          },
          "sensitive_attributes": [],
          "private": "eyJlMmJmYjczMC1lY2FhLTExZTYtOGY4OC0zNDM2M2JjN2M0YzAiOnsiY3JlYXRlIjo5MDAwMDAwMDAwMDAsImRlZmF1bHQiOjkwMDAwMDAwMDAwMCwiZGVsZXRlIjo5MDAwMDAwMDAwMDAsInJlYWQiOjkwMDAwMDAwMDAwMCwidXBkYXRlIjo5MDAwMDAwMDAwMDB9LCJzY2hlbWFfdmVyc2lvbiI6IjEifQ=="
        }
      ]
    },
    {
      "mode": "managed",
      "type": "scaleway_registry_namespace",
      "name": "app",
      "provider": "provider[\"registry.terraform.io/scaleway/scaleway\"]",
      "instances": [
        {
          "schema_version": 0,
          "attributes": {
            "description": "App container registry",
            "endpoint": "rg.fr-par.scw.cloud/app-registry",
            "id": "fr-par/82d0fecc-7e35-4662-8c22-1f5a9005bf21",
            "is_public": false,
            "name": "app-registry",
            "organization_id": "e97e853d-3cce-4ebf-acda-ec5d6abc8fa8",
            "project_id": "e26f5a0d-e7eb-4f9c-891e-0d3a2b455758",
            "region": "fr-par",
            "timeouts": null
          },
          "sensitive_attributes": [],
          "private": "eyJlMmJmYjczMC1lY2FhLTExZTYtOGY4OC0zNDM2M2JjN2M0YzAiOnsiY3JlYXRlIjozMDAwMDAwMDAwMDAsImRlZmF1bHQiOjMwMDAwMDAwMDAwMCwiZGVsZXRlIjozMDAwMDAwMDAwMDAsInJlYWQiOjMwMDAwMDAwMDAwMCwidXBkYXRlIjozMDAwMDAwMDAwMDB9fQ=="
        }
      ]
    },
    {
      "mode": "managed",
      "type": "scaleway_vpc",
      "name": "this",
      "provider": "provider[\"registry.terraform.io/scaleway/scaleway\"]",
      "instances": [
        {
          "schema_version": 0,
          "attributes": {
            "created_at": "2025-05-20T09:16:37Z",
            "enable_routing": true,
            "id": "fr-par/58afe022-631d-4d2b-bd8d-87aeb06f4dad",
            "is_default": false,
            "name": "test-vpc-dev",
            "organization_id": "e97e853d-3cce-4ebf-acda-ec5d6abc8fa8",
            "project_id": "e26f5a0d-e7eb-4f9c-891e-0d3a2b455758",
            "region": "fr-par",
            "tags": [
              "terraform=true",
              "demo",
              "SA",
              "dev"
            ],
            "updated_at": "2025-05-20T09:16:37Z"
          },
          "sensitive_attributes": [],
          "private": "bnVsbA=="
        }
      ]
    },
    {
      "mode": "managed",
      "type": "scaleway_vpc_private_network",
      "name": "this",
      "provider": "provider[\"registry.terraform.io/scaleway/scaleway\"]",
      "instances": [
        {
          "schema_version": 1,
          "attributes": {
            "created_at": "2025-05-20T09:16:38Z",
            "id": "fr-par/b0f35020-8b16-421b-bbe2-b4d00b6e75fa",
            "ipv4_subnet": [
              {
                "address": "172.16.4.0",
                "created_at": "2025-05-20T09:16:38Z",
                "id": "ab5ce564-b747-48b1-88d0-da96020e7445",
                "prefix_length": 22,
                "subnet": "172.16.4.0/22",
                "subnet_mask": "255.255.252.0",
                "updated_at": "2025-05-20T09:16:38Z"
              }
            ],
            "ipv6_subnets": [
              {
                "address": "fdf3:a6e5:9f02:ba14::",
                "created_at": "2025-05-20T09:16:38Z",
                "id": "c4178f29-03c6-40c9-b182-19e52804f593",
                "prefix_length": 64,
                "subnet": "fdf3:a6e5:9f02:ba14::/64",
                "subnet_mask": "255.255.255.255.255.255.255.255.0.0.0.0.0.0.0.0",
                "updated_at": "2025-05-20T09:16:38Z"
              }
            ],
            "is_regional": true,
            "name": "test-pn-dev",
            "organization_id": "e97e853d-3cce-4ebf-acda-ec5d6abc8fa8",
            "project_id": "e26f5a0d-e7eb-4f9c-891e-0d3a2b455758",
            "region": "fr-par",
            "tags": [
              "terraform=true",
              "demo",
              "SA",
              "dev"
            ],
            "updated_at": "2025-05-20T09:16:38Z",
            "vpc_id": "fr-par/58afe022-631d-4d2b-bd8d-87aeb06f4dad",
            "zone": "fr-par-1"
          },
          "sensitive_attributes": [],
          "private": "eyJzY2hlbWFfdmVyc2lvbiI6IjEifQ==",
          "dependencies": [
            "scaleway_vpc.this"
          ]
        }
      ]
    }
  ],
  "check_results": null
}
